
Microsoft Visual Studio Solution File, Format Version 12.00
# Visual Studio Version 16
VisualStudioVersion = 25.0.1703.2
MinimumVisualStudioVersion = 10.0.40219.1
Project("{FAE04EC0-301F-11D3-BF4B-00C04F79EFBC}") = "AnkiSpanishScraper", "AnkiSpanishScraper\AnkiSpanishScraper.csproj", "{CE6E5512-F564-4EDA-A9B9-6EB9A7F99BDD}"
EndProject
Global
	GlobalSection(SolutionConfigurationPlatforms) = preSolution
		Debug|Any CPU = Debug|Any CPU
		Release|Any CPU = Release|Any CPU
	EndGlobalSection
	GlobalSection(ProjectConfigurationPlatforms) = postSolution
		{CE6E5512-F564-4EDA-A9B9-6EB9A7F99BDD}.Debug|Any CPU.ActiveCfg = Debug|Any CPU
		{CE6E5512-F564-4EDA-A9B9-6EB9A7F99BDD}.Debug|Any CPU.Build.0 = Debug|Any CPU
		{CE6E5512-F564-4EDA-A9B9-6EB9A7F99BDD}.Release|Any CPU.ActiveCfg = Release|Any CPU
		{CE6E5512-F564-4EDA-A9B9-6EB9A7F99BDD}.Release|Any CPU.Build.0 = Release|Any CPU
	EndGlobalSection
	GlobalSection(SolutionProperties) = preSolution
		HideSolutionNode = FALSE
	EndGlobalSection
	GlobalSection(ExtensibilityGlobals) = postSolution
		SolutionGuid = {E912ACD3-D7F3-44AA-A794-EE6A6C0059F9}
	EndGlobalSection
EndGlobal
